
Microsoft Visual Studio Solution File, Format Version 12.00
# Visual Studio 15
VisualStudioVersion = 15.0.27130.2026
MinimumVisualStudioVersion = 10.0.40219.1
Project("{9A19103F-16F7-4668-BE54-9A1E7A4F7556}") = "RaspberrySharp", "RaspberrySharp\RaspberrySharp.csproj", "{53955279-F0FD-4221-81B7-A201454CA4FF}"
EndProject
Project("{2150E333-8FDC-42A3-9474-1A3956D46DE8}") = "Build", "Build", "{E9A357D3-F143-4E24-89BC-D44658E0F460}"
EndProject
Project("{2150E333-8FDC-42A3-9474-1A3956D46DE8}") = "Solution Items", "Solution Items", "{86D6BD01-F048-4DA5-901A-79A51E5AB13D}"
	ProjectSection(SolutionItems) = preProject
		LICENSE = LICENSE
		README.md = README.md
	EndProjectSection
EndProject
Project("{2150E333-8FDC-42A3-9474-1A3956D46DE8}") = "Tests", "Tests", "{ECEE2A07-4719-4EE0-883D-F4850E2EA067}"
EndProject
Project("{2150E333-8FDC-42A3-9474-1A3956D46DE8}") = "Libraries", "Libraries", "{40537F26-43CC-445E-AB80-87C465CF7ED2}"
EndProject
Project("{2150E333-8FDC-42A3-9474-1A3956D46DE8}") = "I2C", "I2C", "{34B22BD4-B456-47C9-A1D6-391062C3DE71}"
EndProject
Project("{2150E333-8FDC-42A3-9474-1A3956D46DE8}") = "GPIO", "GPIO", "{0760868D-178C-49FB-85EE-6512BD9F91BB}"
EndProject
Project("{FAE04EC0-301F-11D3-BF4B-00C04F79EFBC}") = "LTC2943", "Tests\I2C\LTC2943\LTC2943.csproj", "{C80C5CF7-0C1E-4647-BC74-2660A5D26247}"
EndProject
Project("{FAE04EC0-301F-11D3-BF4B-00C04F79EFBC}") = "Ds1307", "Tests\I2C\Ds1307\Ds1307.csproj", "{BB83081B-768E-41D5-A24F-A38C7386A9D6}"
EndProject
Project("{FAE04EC0-301F-11D3-BF4B-00C04F79EFBC}") = "WatchPin", "Tests\GPIO\WatchPin\WatchPin.csproj", "{5BB5DF37-7D27-410B-8A4B-F21649A18BC1}"
EndProject
Project("{FAE04EC0-301F-11D3-BF4B-00C04F79EFBC}") = "Demo", "Tests\Demo\Demo.csproj", "{866BBBAC-679C-4B64-AB88-3AAB322AC9AE}"
EndProject
Global
	GlobalSection(SolutionConfigurationPlatforms) = preSolution
		Debug|Any CPU = Debug|Any CPU
		Release|Any CPU = Release|Any CPU
	EndGlobalSection
	GlobalSection(ProjectConfigurationPlatforms) = postSolution
		{53955279-F0FD-4221-81B7-A201454CA4FF}.Debug|Any CPU.ActiveCfg = Debug|Any CPU
		{53955279-F0FD-4221-81B7-A201454CA4FF}.Debug|Any CPU.Build.0 = Debug|Any CPU
		{53955279-F0FD-4221-81B7-A201454CA4FF}.Release|Any CPU.ActiveCfg = Release|Any CPU
		{53955279-F0FD-4221-81B7-A201454CA4FF}.Release|Any CPU.Build.0 = Release|Any CPU
		{C80C5CF7-0C1E-4647-BC74-2660A5D26247}.Debug|Any CPU.ActiveCfg = Debug|Any CPU
		{C80C5CF7-0C1E-4647-BC74-2660A5D26247}.Debug|Any CPU.Build.0 = Debug|Any CPU
		{C80C5CF7-0C1E-4647-BC74-2660A5D26247}.Release|Any CPU.ActiveCfg = Release|Any CPU
		{C80C5CF7-0C1E-4647-BC74-2660A5D26247}.Release|Any CPU.Build.0 = Release|Any CPU
		{BB83081B-768E-41D5-A24F-A38C7386A9D6}.Debug|Any CPU.ActiveCfg = Debug|Any CPU
		{BB83081B-768E-41D5-A24F-A38C7386A9D6}.Debug|Any CPU.Build.0 = Debug|Any CPU
		{BB83081B-768E-41D5-A24F-A38C7386A9D6}.Release|Any CPU.ActiveCfg = Release|Any CPU
		{BB83081B-768E-41D5-A24F-A38C7386A9D6}.Release|Any CPU.Build.0 = Release|Any CPU
		{5BB5DF37-7D27-410B-8A4B-F21649A18BC1}.Debug|Any CPU.ActiveCfg = Debug|Any CPU
		{5BB5DF37-7D27-410B-8A4B-F21649A18BC1}.Debug|Any CPU.Build.0 = Debug|Any CPU
		{5BB5DF37-7D27-410B-8A4B-F21649A18BC1}.Release|Any CPU.ActiveCfg = Release|Any CPU
		{5BB5DF37-7D27-410B-8A4B-F21649A18BC1}.Release|Any CPU.Build.0 = Release|Any CPU
		{866BBBAC-679C-4B64-AB88-3AAB322AC9AE}.Debug|Any CPU.ActiveCfg = Debug|Any CPU
		{866BBBAC-679C-4B64-AB88-3AAB322AC9AE}.Debug|Any CPU.Build.0 = Debug|Any CPU
		{866BBBAC-679C-4B64-AB88-3AAB322AC9AE}.Release|Any CPU.ActiveCfg = Release|Any CPU
		{866BBBAC-679C-4B64-AB88-3AAB322AC9AE}.Release|Any CPU.Build.0 = Release|Any CPU
	EndGlobalSection
	GlobalSection(SolutionProperties) = preSolution
		HideSolutionNode = FALSE
	EndGlobalSection
	GlobalSection(NestedProjects) = preSolution
		{53955279-F0FD-4221-81B7-A201454CA4FF} = {40537F26-43CC-445E-AB80-87C465CF7ED2}
		{34B22BD4-B456-47C9-A1D6-391062C3DE71} = {ECEE2A07-4719-4EE0-883D-F4850E2EA067}
		{0760868D-178C-49FB-85EE-6512BD9F91BB} = {ECEE2A07-4719-4EE0-883D-F4850E2EA067}
		{C80C5CF7-0C1E-4647-BC74-2660A5D26247} = {34B22BD4-B456-47C9-A1D6-391062C3DE71}
		{BB83081B-768E-41D5-A24F-A38C7386A9D6} = {34B22BD4-B456-47C9-A1D6-391062C3DE71}
		{5BB5DF37-7D27-410B-8A4B-F21649A18BC1} = {0760868D-178C-49FB-85EE-6512BD9F91BB}
		{866BBBAC-679C-4B64-AB88-3AAB322AC9AE} = {ECEE2A07-4719-4EE0-883D-F4850E2EA067}
	EndGlobalSection
	GlobalSection(ExtensibilityGlobals) = postSolution
		SolutionGuid = {16398D2F-864E-4257-A25A-705BE16EC1A8}
	EndGlobalSection
EndGlobal
