
Microsoft Visual Studio Solution File, Format Version 12.00
# Visual Studio 15
VisualStudioVersion = 15.0.27130.2026
MinimumVisualStudioVersion = 10.0.40219.1
Project("{9A19103F-16F7-4668-BE54-9A1E7A4F7556}") = "RaspberrySharp", "RaspberrySharp\RaspberrySharp.csproj", "{53955279-F0FD-4221-81B7-A201454CA4FF}"
EndProject
Project("{2150E333-8FDC-42A3-9474-1A3956D46DE8}") = "Solution Items", "Solution Items", "{86D6BD01-F048-4DA5-901A-79A51E5AB13D}"
	ProjectSection(SolutionItems) = preProject
		Header Template.txt = Header Template.txt
		LICENSE = LICENSE
		README.md = README.md
	EndProjectSection
EndProject
Project("{2150E333-8FDC-42A3-9474-1A3956D46DE8}") = "Samples", "Samples", "{4E76F752-68F9-4643-A25E-EDC4D60B600F}"
EndProject
Project("{2150E333-8FDC-42A3-9474-1A3956D46DE8}") = "Clocks", "Clocks", "{C4E28850-5386-4D79-A5BF-384B1EB53E41}"
EndProject
Project("{2150E333-8FDC-42A3-9474-1A3956D46DE8}") = "Controllers", "Controllers", "{AEBC0323-CD07-446D-8E26-06E77EFB2840}"
EndProject
Project("{2150E333-8FDC-42A3-9474-1A3956D46DE8}") = "Devices", "Devices", "{1968F41E-2D4B-4109-BF42-4A3226C621C0}"
EndProject
Project("{2150E333-8FDC-42A3-9474-1A3956D46DE8}") = "Displays", "Displays", "{7517DD36-5D33-447C-9B1B-3DE0A2B221F7}"
EndProject
Project("{2150E333-8FDC-42A3-9474-1A3956D46DE8}") = "Expanders", "Expanders", "{8F3B741D-EDB5-4AB4-A909-04424C3AFF04}"
EndProject
Project("{2150E333-8FDC-42A3-9474-1A3956D46DE8}") = "Gpio", "Gpio", "{FD9A4C89-5B48-4570-8EF0-D362E7CA6E5A}"
EndProject
Project("{2150E333-8FDC-42A3-9474-1A3956D46DE8}") = "Leds", "Leds", "{B8DFC723-3E3D-4CEA-858B-69E7631CC4D8}"
EndProject
Project("{2150E333-8FDC-42A3-9474-1A3956D46DE8}") = "Monitors", "Monitors", "{B9F0B155-4A69-47B1-99F2-81B35F49B1DD}"
EndProject
Project("{2150E333-8FDC-42A3-9474-1A3956D46DE8}") = "Sensors", "Sensors", "{08B24281-54D1-4F96-862A-340E03299C7D}"
EndProject
Project("{2150E333-8FDC-42A3-9474-1A3956D46DE8}") = "Memories", "Memories", "{604DD6F9-5262-4444-94F5-97833705187E}"
EndProject
Project("{2150E333-8FDC-42A3-9474-1A3956D46DE8}") = "Temperature", "Temperature", "{792C28BB-B504-42D2-98E9-44364F480236}"
EndProject
Project("{FAE04EC0-301F-11D3-BF4B-00C04F79EFBC}") = "Ds1307", "Samples\Clocks\Ds1307 (I2C)\Ds1307.csproj", "{BB83081B-768E-41D5-A24F-A38C7386A9D6}"
EndProject
Project("{2150E333-8FDC-42A3-9474-1A3956D46DE8}") = "Advanced", "Advanced", "{CE4C9A8B-26E2-4D12-9F98-B213BC9DBCDF}"
EndProject
Project("{FAE04EC0-301F-11D3-BF4B-00C04F79EFBC}") = "Demo", "Samples\Advanced\Demo_Winforms\Demo.csproj", "{866BBBAC-679C-4B64-AB88-3AAB322AC9AE}"
EndProject
Project("{FAE04EC0-301F-11D3-BF4B-00C04F79EFBC}") = "Blink", "Samples\Gpio\Blink\Blink.csproj", "{EC0CC75A-8407-44F7-924E-03F433B426B6}"
EndProject
Project("{FAE04EC0-301F-11D3-BF4B-00C04F79EFBC}") = "I2CDetect", "Samples\Advanced\I2CDetect\I2CDetect.csproj", "{4529F9F6-D0C3-4AEE-A58E-2C9327F51432}"
EndProject
Global
	GlobalSection(SolutionConfigurationPlatforms) = preSolution
		Debug|Any CPU = Debug|Any CPU
		Release|Any CPU = Release|Any CPU
	EndGlobalSection
	GlobalSection(ProjectConfigurationPlatforms) = postSolution
		{53955279-F0FD-4221-81B7-A201454CA4FF}.Debug|Any CPU.ActiveCfg = Debug|Any CPU
		{53955279-F0FD-4221-81B7-A201454CA4FF}.Debug|Any CPU.Build.0 = Debug|Any CPU
		{53955279-F0FD-4221-81B7-A201454CA4FF}.Release|Any CPU.ActiveCfg = Release|Any CPU
		{53955279-F0FD-4221-81B7-A201454CA4FF}.Release|Any CPU.Build.0 = Release|Any CPU
		{BB83081B-768E-41D5-A24F-A38C7386A9D6}.Debug|Any CPU.ActiveCfg = Debug|Any CPU
		{BB83081B-768E-41D5-A24F-A38C7386A9D6}.Debug|Any CPU.Build.0 = Debug|Any CPU
		{BB83081B-768E-41D5-A24F-A38C7386A9D6}.Release|Any CPU.ActiveCfg = Release|Any CPU
		{BB83081B-768E-41D5-A24F-A38C7386A9D6}.Release|Any CPU.Build.0 = Release|Any CPU
		{866BBBAC-679C-4B64-AB88-3AAB322AC9AE}.Debug|Any CPU.ActiveCfg = Debug|Any CPU
		{866BBBAC-679C-4B64-AB88-3AAB322AC9AE}.Debug|Any CPU.Build.0 = Debug|Any CPU
		{866BBBAC-679C-4B64-AB88-3AAB322AC9AE}.Release|Any CPU.ActiveCfg = Release|Any CPU
		{866BBBAC-679C-4B64-AB88-3AAB322AC9AE}.Release|Any CPU.Build.0 = Release|Any CPU
		{EC0CC75A-8407-44F7-924E-03F433B426B6}.Debug|Any CPU.ActiveCfg = Debug|Any CPU
		{EC0CC75A-8407-44F7-924E-03F433B426B6}.Debug|Any CPU.Build.0 = Debug|Any CPU
		{EC0CC75A-8407-44F7-924E-03F433B426B6}.Release|Any CPU.ActiveCfg = Release|Any CPU
		{EC0CC75A-8407-44F7-924E-03F433B426B6}.Release|Any CPU.Build.0 = Release|Any CPU
		{4529F9F6-D0C3-4AEE-A58E-2C9327F51432}.Debug|Any CPU.ActiveCfg = Debug|Any CPU
		{4529F9F6-D0C3-4AEE-A58E-2C9327F51432}.Debug|Any CPU.Build.0 = Debug|Any CPU
		{4529F9F6-D0C3-4AEE-A58E-2C9327F51432}.Release|Any CPU.ActiveCfg = Release|Any CPU
		{4529F9F6-D0C3-4AEE-A58E-2C9327F51432}.Release|Any CPU.Build.0 = Release|Any CPU
	EndGlobalSection
	GlobalSection(SolutionProperties) = preSolution
		HideSolutionNode = FALSE
	EndGlobalSection
	GlobalSection(NestedProjects) = preSolution
		{C4E28850-5386-4D79-A5BF-384B1EB53E41} = {4E76F752-68F9-4643-A25E-EDC4D60B600F}
		{AEBC0323-CD07-446D-8E26-06E77EFB2840} = {4E76F752-68F9-4643-A25E-EDC4D60B600F}
		{1968F41E-2D4B-4109-BF42-4A3226C621C0} = {4E76F752-68F9-4643-A25E-EDC4D60B600F}
		{7517DD36-5D33-447C-9B1B-3DE0A2B221F7} = {4E76F752-68F9-4643-A25E-EDC4D60B600F}
		{8F3B741D-EDB5-4AB4-A909-04424C3AFF04} = {4E76F752-68F9-4643-A25E-EDC4D60B600F}
		{FD9A4C89-5B48-4570-8EF0-D362E7CA6E5A} = {4E76F752-68F9-4643-A25E-EDC4D60B600F}
		{B8DFC723-3E3D-4CEA-858B-69E7631CC4D8} = {4E76F752-68F9-4643-A25E-EDC4D60B600F}
		{B9F0B155-4A69-47B1-99F2-81B35F49B1DD} = {4E76F752-68F9-4643-A25E-EDC4D60B600F}
		{08B24281-54D1-4F96-862A-340E03299C7D} = {4E76F752-68F9-4643-A25E-EDC4D60B600F}
		{604DD6F9-5262-4444-94F5-97833705187E} = {4E76F752-68F9-4643-A25E-EDC4D60B600F}
		{792C28BB-B504-42D2-98E9-44364F480236} = {08B24281-54D1-4F96-862A-340E03299C7D}
		{BB83081B-768E-41D5-A24F-A38C7386A9D6} = {C4E28850-5386-4D79-A5BF-384B1EB53E41}
		{CE4C9A8B-26E2-4D12-9F98-B213BC9DBCDF} = {4E76F752-68F9-4643-A25E-EDC4D60B600F}
		{866BBBAC-679C-4B64-AB88-3AAB322AC9AE} = {CE4C9A8B-26E2-4D12-9F98-B213BC9DBCDF}
		{EC0CC75A-8407-44F7-924E-03F433B426B6} = {FD9A4C89-5B48-4570-8EF0-D362E7CA6E5A}
		{4529F9F6-D0C3-4AEE-A58E-2C9327F51432} = {CE4C9A8B-26E2-4D12-9F98-B213BC9DBCDF}
	EndGlobalSection
	GlobalSection(ExtensibilityGlobals) = postSolution
		SolutionGuid = {16398D2F-864E-4257-A25A-705BE16EC1A8}
	EndGlobalSection
EndGlobal
